
Microsoft Visual Studio Solution File, Format Version 12.00
# Visual Studio Version 17
VisualStudioVersion = 17.0.31903.59
MinimumVisualStudioVersion = 10.0.40219.1
Project("{FAE04EC0-301F-11D3-BF4B-00C04F79EFBC}") = "CalculatorLib", "CalculatorLib\CalculatorLib.csproj", "{14F79248-7046-4C7E-8561-83D39A9CEF43}"
EndProject
Project("{FAE04EC0-301F-11D3-BF4B-00C04F79EFBC}") = "CalculatorTests", "CalculatorTests\CalculatorTests.csproj", "{73E09DF8-91F0-4FBD-B253-2EFF04B64B7F}"
EndProject
Global
	GlobalSection(SolutionConfigurationPlatforms) = preSolution
		Debug|Any CPU = Debug|Any CPU
		Release|Any CPU = Release|Any CPU
	EndGlobalSection
	GlobalSection(SolutionProperties) = preSolution
		HideSolutionNode = FALSE
	EndGlobalSection
	GlobalSection(ProjectConfigurationPlatforms) = postSolution
		{14F79248-7046-4C7E-8561-83D39A9CEF43}.Debug|Any CPU.ActiveCfg = Debug|Any CPU
		{14F79248-7046-4C7E-8561-83D39A9CEF43}.Debug|Any CPU.Build.0 = Debug|Any CPU
		{14F79248-7046-4C7E-8561-83D39A9CEF43}.Release|Any CPU.ActiveCfg = Release|Any CPU
		{14F79248-7046-4C7E-8561-83D39A9CEF43}.Release|Any CPU.Build.0 = Release|Any CPU
		{73E09DF8-91F0-4FBD-B253-2EFF04B64B7F}.Debug|Any CPU.ActiveCfg = Debug|Any CPU
		{73E09DF8-91F0-4FBD-B253-2EFF04B64B7F}.Debug|Any CPU.Build.0 = Debug|Any CPU
		{73E09DF8-91F0-4FBD-B253-2EFF04B64B7F}.Release|Any CPU.ActiveCfg = Release|Any CPU
		{73E09DF8-91F0-4FBD-B253-2EFF04B64B7F}.Release|Any CPU.Build.0 = Release|Any CPU
	EndGlobalSection
EndGlobal
